schema: '2.0'
stages:
  split_data:
    cmd: python code/split_data.py  --input data/raw/data.csv  --output 
      data/processed
    deps:
    - path: code/split_data.py
      hash: md5
      md5: 33ba7015a15840d441486729bd90a2d1
      size: 2959
    - path: data/raw/data.csv
      hash: md5
      md5: 6165d90b8708bb1c1dd14245cc6bef46
      size: 125204
    params:
      params.yaml:
        split_data.random_state: 42
        split_data.test_size: 0.2
    outs:
    - path: data/processed/test.csv
      hash: md5
      md5: 98f42fe40222f2587e2d95f5631573d3
      size: 25653
    - path: data/processed/train.csv
      hash: md5
      md5: d4e69b09f9439b8a45dfbe19dcb646cc
      size: 100983
  train_model:
    cmd: python code/train_model.py  --train data/processed/train.csv  --output 
      data/model
    deps:
    - path: code/train_model.py
      hash: md5
      md5: 8131a9c634332ff14dc92854b475ee67
      size: 7733
    - path: data/processed/train.csv
      hash: md5
      md5: d4e69b09f9439b8a45dfbe19dcb646cc
      size: 100983
    params:
      params.yaml:
        train_model.bootstrap: true
        train_model.max_depth: 1
        train_model.max_features: sqrt
        train_model.min_samples_leaf: 1
        train_model.min_samples_split: 2
        train_model.n_estimators: 1
        train_model.pos_label: M
        train_model.random_state: 42
        train_model.use_feature_scaling: true
    outs:
    - path: data/model/feature_importance.csv
      hash: md5
      md5: ba4bdc57083a738061848f92d16609bb
      size: 610
    - path: data/model/random_forest_model.joblib
      hash: md5
      md5: d37e2806fe3f792ed0fbe6285580f67b
      size: 2265
    - path: data/model/scaler.joblib
      hash: md5
      md5: 6b1397fd8cbf98629dfbb6748cf2dc6c
      size: 2367
    - path: data/model/training_info.json
      hash: md5
      md5: f40ff8c8d107612617ac69e0aaaf498d
      size: 1157
  evaluate_model:
    cmd: python code/evaluate_model.py  --model 
      data/model/random_forest_model.joblib --scaler data/model/scaler.joblib 
      --test data/processed/test.csv  --output data/model/evaluation
    deps:
    - path: code/evaluate_model.py
      hash: md5
      md5: b5f65d36f9df8ef36d07875e1f675309
      size: 9557
    - path: data/model/random_forest_model.joblib
      hash: md5
      md5: d37e2806fe3f792ed0fbe6285580f67b
      size: 2265
    - path: data/model/scaler.joblib
      hash: md5
      md5: 6b1397fd8cbf98629dfbb6748cf2dc6c
      size: 2367
    - path: data/processed/test.csv
      hash: md5
      md5: 98f42fe40222f2587e2d95f5631573d3
      size: 25653
    params:
      params.yaml:
        evaluate_model.pos_label: M
        evaluate_model.top_features_to_plot: 20
    outs:
    - path: data/model/evaluation/confusion_matrix.png
      hash: md5
      md5: 246aeeffc906164561f78f8160f4b2b6
      size: 78067
    - path: data/model/evaluation/feature_importance.csv
      hash: md5
      md5: ba4bdc57083a738061848f92d16609bb
      size: 610
    - path: data/model/evaluation/feature_importance.png
      hash: md5
      md5: 5dced1a4c081ede9b8e21f51f1a4108d
      size: 216820
    - path: data/model/evaluation/metrics.json
      hash: md5
      md5: a21d02b522d2de5f1635d45a9295792a
      size: 270
    - path: data/model/evaluation/prediction_analysis.png
      hash: md5
      md5: 966615f50f99f1d1c545b720388110a4
      size: 131454
    - path: data/model/evaluation/roc_curve.png
      hash: md5
      md5: dd406034e765facad0c32fcd8046666f
      size: 165238
